
Microsoft Visual Studio Solution File, Format Version 12.00
# Visual Studio Version 16
VisualStudioVersion = 16.0.31410.357
MinimumVisualStudioVersion = 10.0.40219.1
Project("{2150E333-8FDC-42A3-9474-1A3956D46DE8}") = "EnglishWordsBot", "EnglishWordsBot", "{A808DDE5-F508-418A-B755-8C86021CBFB4}"
EndProject
Project("{9A19103F-16F7-4668-BE54-9A1E7A4F7556}") = "EnglishWordsBot", "EnglishWordsBot\EnglishWordsBot\EnglishWordsBot.csproj", "{9B7ED971-3DBF-46FD-81BD-792692FE2953}"
EndProject
Project("{2150E333-8FDC-42A3-9474-1A3956D46DE8}") = "UI", "UI", "{708D421D-034E-4EA1-B1C5-24AB6B315715}"
EndProject
Project("{2150E333-8FDC-42A3-9474-1A3956D46DE8}") = "Console", "Console", "{A78C53B8-2D9A-41C3-B078-DA4D288835F4}"
EndProject
Project("{9A19103F-16F7-4668-BE54-9A1E7A4F7556}") = "WordsPracticeConsole", "UI\Console\WordsPracticeConsole\WordsPracticeConsole.csproj", "{E316A11C-9480-4B28-AF96-65F5CE77F6ED}"
EndProject
Project("{9A19103F-16F7-4668-BE54-9A1E7A4F7556}") = "EnglishWordWebApp", "EnglishWordWebApp\EnglishWordWebApp\EnglishWordWebApp.csproj", "{0FCC0FB3-6707-40A2-88B0-F6D5774E70E3}"
EndProject
Project("{9A19103F-16F7-4668-BE54-9A1E7A4F7556}") = "DataAccess", "DataAccess\DataAccess\DataAccess.csproj", "{5A06B5AC-D393-4108-9D01-259C2C531DF4}"
EndProject
Project("{9A19103F-16F7-4668-BE54-9A1E7A4F7556}") = "Entities", "Entities\Entities\Entities.csproj", "{6A291286-D7DA-449E-A4B1-3AA0FABD78B5}"
EndProject
Project("{FAE04EC0-301F-11D3-BF4B-00C04F79EFBC}") = "Business", "Business\Business\Business.csproj", "{10B3A222-9DD0-4FA0-B794-5A97252899C1}"
EndProject
Global
	GlobalSection(SolutionConfigurationPlatforms) = preSolution
		Debug|Any CPU = Debug|Any CPU
		Release|Any CPU = Release|Any CPU
	EndGlobalSection
	GlobalSection(ProjectConfigurationPlatforms) = postSolution
		{9B7ED971-3DBF-46FD-81BD-792692FE2953}.Debug|Any CPU.ActiveCfg = Debug|Any CPU
		{9B7ED971-3DBF-46FD-81BD-792692FE2953}.Debug|Any CPU.Build.0 = Debug|Any CPU
		{9B7ED971-3DBF-46FD-81BD-792692FE2953}.Release|Any CPU.ActiveCfg = Release|Any CPU
		{9B7ED971-3DBF-46FD-81BD-792692FE2953}.Release|Any CPU.Build.0 = Release|Any CPU
		{E316A11C-9480-4B28-AF96-65F5CE77F6ED}.Debug|Any CPU.ActiveCfg = Debug|Any CPU
		{E316A11C-9480-4B28-AF96-65F5CE77F6ED}.Debug|Any CPU.Build.0 = Debug|Any CPU
		{E316A11C-9480-4B28-AF96-65F5CE77F6ED}.Release|Any CPU.ActiveCfg = Release|Any CPU
		{E316A11C-9480-4B28-AF96-65F5CE77F6ED}.Release|Any CPU.Build.0 = Release|Any CPU
		{0FCC0FB3-6707-40A2-88B0-F6D5774E70E3}.Debug|Any CPU.ActiveCfg = Debug|Any CPU
		{0FCC0FB3-6707-40A2-88B0-F6D5774E70E3}.Debug|Any CPU.Build.0 = Debug|Any CPU
		{0FCC0FB3-6707-40A2-88B0-F6D5774E70E3}.Release|Any CPU.ActiveCfg = Release|Any CPU
		{0FCC0FB3-6707-40A2-88B0-F6D5774E70E3}.Release|Any CPU.Build.0 = Release|Any CPU
		{5A06B5AC-D393-4108-9D01-259C2C531DF4}.Debug|Any CPU.ActiveCfg = Debug|Any CPU
		{5A06B5AC-D393-4108-9D01-259C2C531DF4}.Debug|Any CPU.Build.0 = Debug|Any CPU
		{5A06B5AC-D393-4108-9D01-259C2C531DF4}.Release|Any CPU.ActiveCfg = Release|Any CPU
		{5A06B5AC-D393-4108-9D01-259C2C531DF4}.Release|Any CPU.Build.0 = Release|Any CPU
		{6A291286-D7DA-449E-A4B1-3AA0FABD78B5}.Debug|Any CPU.ActiveCfg = Debug|Any CPU
		{6A291286-D7DA-449E-A4B1-3AA0FABD78B5}.Debug|Any CPU.Build.0 = Debug|Any CPU
		{6A291286-D7DA-449E-A4B1-3AA0FABD78B5}.Release|Any CPU.ActiveCfg = Release|Any CPU
		{6A291286-D7DA-449E-A4B1-3AA0FABD78B5}.Release|Any CPU.Build.0 = Release|Any CPU
		{10B3A222-9DD0-4FA0-B794-5A97252899C1}.Debug|Any CPU.ActiveCfg = Debug|Any CPU
		{10B3A222-9DD0-4FA0-B794-5A97252899C1}.Debug|Any CPU.Build.0 = Debug|Any CPU
		{10B3A222-9DD0-4FA0-B794-5A97252899C1}.Release|Any CPU.ActiveCfg = Release|Any CPU
		{10B3A222-9DD0-4FA0-B794-5A97252899C1}.Release|Any CPU.Build.0 = Release|Any CPU
	EndGlobalSection
	GlobalSection(SolutionProperties) = preSolution
		HideSolutionNode = FALSE
	EndGlobalSection
	GlobalSection(NestedProjects) = preSolution
		{9B7ED971-3DBF-46FD-81BD-792692FE2953} = {A808DDE5-F508-418A-B755-8C86021CBFB4}
		{A78C53B8-2D9A-41C3-B078-DA4D288835F4} = {708D421D-034E-4EA1-B1C5-24AB6B315715}
		{E316A11C-9480-4B28-AF96-65F5CE77F6ED} = {A78C53B8-2D9A-41C3-B078-DA4D288835F4}
		{0FCC0FB3-6707-40A2-88B0-F6D5774E70E3} = {708D421D-034E-4EA1-B1C5-24AB6B315715}
	EndGlobalSection
	GlobalSection(ExtensibilityGlobals) = postSolution
		SolutionGuid = {11686817-3B1D-49A5-9BF9-72674B5D7F1C}
	EndGlobalSection
EndGlobal
